
Microsoft Visual Studio Solution File, Format Version 12.00
# Visual Studio 15
VisualStudioVersion = 15.0.28307.329
MinimumVisualStudioVersion = 10.0.40219.1
Project("{FAE04EC0-301F-11D3-BF4B-00C04F79EFBC}") = "Asteroid", "Asteroid\Asteroid.csproj", "{DBC77CAD-C742-4BE9-BA2B-5F8F0A598F5E}"
EndProject
Global
	GlobalSection(SolutionConfigurationPlatforms) = preSolution
		Debug|Any CPU = Debug|Any CPU
		Release|Any CPU = Release|Any CPU
	EndGlobalSection
	GlobalSection(ProjectConfigurationPlatforms) = postSolution
		{DBC77CAD-C742-4BE9-BA2B-5F8F0A598F5E}.Debug|Any CPU.ActiveCfg = Debug|Any CPU
		{DBC77CAD-C742-4BE9-BA2B-5F8F0A598F5E}.Debug|Any CPU.Build.0 = Debug|Any CPU
		{DBC77CAD-C742-4BE9-BA2B-5F8F0A598F5E}.Release|Any CPU.ActiveCfg = Release|Any CPU
		{DBC77CAD-C742-4BE9-BA2B-5F8F0A598F5E}.Release|Any CPU.Build.0 = Release|Any CPU
	EndGlobalSection
	GlobalSection(SolutionProperties) = preSolution
		HideSolutionNode = FALSE
	EndGlobalSection
	GlobalSection(ExtensibilityGlobals) = postSolution
		SolutionGuid = {94D27313-BE68-424A-B76A-08DBF1C2C946}
	EndGlobalSection
EndGlobal
